
Microsoft Visual Studio Solution File, Format Version 12.00
# Visual Studio 15
VisualStudioVersion = 15.0.28307.421
MinimumVisualStudioVersion = 10.0.40219.1
Project("{9A19103F-16F7-4668-BE54-9A1E7A4F7556}") = "UI", "UI\UI.csproj", "{5B73A476-8041-481B-93E9-3CFB362F25D8}"
EndProject
Project("{FAE04EC0-301F-11D3-BF4B-00C04F79EFBC}") = "Core", "..\Core\Core.csproj", "{E164C5C6-FB73-45AA-9354-4F9105FCF32F}"
EndProject
Project("{FAE04EC0-301F-11D3-BF4B-00C04F79EFBC}") = "Algorithm", "..\Algorithm\Algorithm.csproj", "{51950C70-5EB6-48BB-BE3A-83297DF2B96C}"
EndProject
Project("{FAE04EC0-301F-11D3-BF4B-00C04F79EFBC}") = "Common", "..\Common\Common.csproj", "{F2FF7A75-6B53-49ED-A88B-FF9C56CB3522}"
EndProject
Global
	GlobalSection(SolutionConfigurationPlatforms) = preSolution
		Debug|Any CPU = Debug|Any CPU
		Release|Any CPU = Release|Any CPU
	EndGlobalSection
	GlobalSection(ProjectConfigurationPlatforms) = postSolution
		{5B73A476-8041-481B-93E9-3CFB362F25D8}.Debug|Any CPU.ActiveCfg = Debug|Any CPU
		{5B73A476-8041-481B-93E9-3CFB362F25D8}.Debug|Any CPU.Build.0 = Debug|Any CPU
		{5B73A476-8041-481B-93E9-3CFB362F25D8}.Release|Any CPU.ActiveCfg = Release|Any CPU
		{5B73A476-8041-481B-93E9-3CFB362F25D8}.Release|Any CPU.Build.0 = Release|Any CPU
		{E164C5C6-FB73-45AA-9354-4F9105FCF32F}.Debug|Any CPU.ActiveCfg = Debug|Any CPU
		{E164C5C6-FB73-45AA-9354-4F9105FCF32F}.Debug|Any CPU.Build.0 = Debug|Any CPU
		{E164C5C6-FB73-45AA-9354-4F9105FCF32F}.Release|Any CPU.ActiveCfg = Release|Any CPU
		{E164C5C6-FB73-45AA-9354-4F9105FCF32F}.Release|Any CPU.Build.0 = Release|Any CPU
		{51950C70-5EB6-48BB-BE3A-83297DF2B96C}.Debug|Any CPU.ActiveCfg = Debug|Any CPU
		{51950C70-5EB6-48BB-BE3A-83297DF2B96C}.Debug|Any CPU.Build.0 = Debug|Any CPU
		{51950C70-5EB6-48BB-BE3A-83297DF2B96C}.Release|Any CPU.ActiveCfg = Release|Any CPU
		{51950C70-5EB6-48BB-BE3A-83297DF2B96C}.Release|Any CPU.Build.0 = Release|Any CPU
		{F2FF7A75-6B53-49ED-A88B-FF9C56CB3522}.Debug|Any CPU.ActiveCfg = Debug|Any CPU
		{F2FF7A75-6B53-49ED-A88B-FF9C56CB3522}.Debug|Any CPU.Build.0 = Debug|Any CPU
		{F2FF7A75-6B53-49ED-A88B-FF9C56CB3522}.Release|Any CPU.ActiveCfg = Release|Any CPU
		{F2FF7A75-6B53-49ED-A88B-FF9C56CB3522}.Release|Any CPU.Build.0 = Release|Any CPU
	EndGlobalSection
	GlobalSection(SolutionProperties) = preSolution
		HideSolutionNode = FALSE
	EndGlobalSection
	GlobalSection(ExtensibilityGlobals) = postSolution
		SolutionGuid = {E2FE0D59-1939-4A12-B78E-AE09308F203E}
	EndGlobalSection
EndGlobal
