
Microsoft Visual Studio Solution File, Format Version 12.00
# Visual Studio 15
VisualStudioVersion = 15.0.28307.421
MinimumVisualStudioVersion = 10.0.40219.1
Project("{FAE04EC0-301F-11D3-BF4B-00C04F79EFBC}") = "WpfUI", "WpfUI\WpfUI.csproj", "{9F72F1B3-EFF0-4584-A704-5E10DC81705A}"
EndProject
Project("{9A19103F-16F7-4668-BE54-9A1E7A4F7556}") = "Algorithm", "..\Algorithm\Algorithm.csproj", "{53A49F88-787B-48DA-B075-FBAAA19F7871}"
EndProject
Project("{9A19103F-16F7-4668-BE54-9A1E7A4F7556}") = "Common", "..\Common\Common.csproj", "{972A0F46-D29B-411B-AF5C-B5F1F7BD96DD}"
EndProject
Project("{9A19103F-16F7-4668-BE54-9A1E7A4F7556}") = "Core", "..\Core\Core.csproj", "{F10B435D-4A39-4B2D-8C58-4A53F5CEBB7D}"
EndProject
Global
	GlobalSection(SolutionConfigurationPlatforms) = preSolution
		Debug|Any CPU = Debug|Any CPU
		Release|Any CPU = Release|Any CPU
	EndGlobalSection
	GlobalSection(ProjectConfigurationPlatforms) = postSolution
		{9F72F1B3-EFF0-4584-A704-5E10DC81705A}.Debug|Any CPU.ActiveCfg = Debug|Any CPU
		{9F72F1B3-EFF0-4584-A704-5E10DC81705A}.Debug|Any CPU.Build.0 = Debug|Any CPU
		{9F72F1B3-EFF0-4584-A704-5E10DC81705A}.Release|Any CPU.ActiveCfg = Release|Any CPU
		{9F72F1B3-EFF0-4584-A704-5E10DC81705A}.Release|Any CPU.Build.0 = Release|Any CPU
		{53A49F88-787B-48DA-B075-FBAAA19F7871}.Debug|Any CPU.ActiveCfg = Debug|Any CPU
		{53A49F88-787B-48DA-B075-FBAAA19F7871}.Debug|Any CPU.Build.0 = Debug|Any CPU
		{53A49F88-787B-48DA-B075-FBAAA19F7871}.Release|Any CPU.ActiveCfg = Release|Any CPU
		{53A49F88-787B-48DA-B075-FBAAA19F7871}.Release|Any CPU.Build.0 = Release|Any CPU
		{972A0F46-D29B-411B-AF5C-B5F1F7BD96DD}.Debug|Any CPU.ActiveCfg = Debug|Any CPU
		{972A0F46-D29B-411B-AF5C-B5F1F7BD96DD}.Debug|Any CPU.Build.0 = Debug|Any CPU
		{972A0F46-D29B-411B-AF5C-B5F1F7BD96DD}.Release|Any CPU.ActiveCfg = Release|Any CPU
		{972A0F46-D29B-411B-AF5C-B5F1F7BD96DD}.Release|Any CPU.Build.0 = Release|Any CPU
		{F10B435D-4A39-4B2D-8C58-4A53F5CEBB7D}.Debug|Any CPU.ActiveCfg = Debug|Any CPU
		{F10B435D-4A39-4B2D-8C58-4A53F5CEBB7D}.Debug|Any CPU.Build.0 = Debug|Any CPU
		{F10B435D-4A39-4B2D-8C58-4A53F5CEBB7D}.Release|Any CPU.ActiveCfg = Release|Any CPU
		{F10B435D-4A39-4B2D-8C58-4A53F5CEBB7D}.Release|Any CPU.Build.0 = Release|Any CPU
	EndGlobalSection
	GlobalSection(SolutionProperties) = preSolution
		HideSolutionNode = FALSE
	EndGlobalSection
	GlobalSection(ExtensibilityGlobals) = postSolution
		SolutionGuid = {EDCDF875-C296-4DD8-AB4B-3BBA46888AD8}
	EndGlobalSection
EndGlobal
